
Microsoft Visual Studio Solution File, Format Version 12.00
# Visual Studio Version 17
VisualStudioVersion = 17.0.31903.59
MinimumVisualStudioVersion = 10.0.40219.1
Project("{FAE04EC0-301F-11D3-BF4B-00C04F79EFBC}") = "Tyuiu.KimmelDS.Sprint5.Task0.V27.Lib", "Tyuiu.KimmelDS.Sprint5.Task0.V27.Lib\Tyuiu.KimmelDS.Sprint5.Task0.V27.Lib.csproj", "{BF14C26F-C5D3-436B-A37C-6524E223230E}"
EndProject
Project("{FAE04EC0-301F-11D3-BF4B-00C04F79EFBC}") = "Tyuiu.KimmelDS.Sprint5.Task0.V27", "Tyuiu.KimmelDS.Sprint5.Task0.V27\Tyuiu.KimmelDS.Sprint5.Task0.V27.csproj", "{5C9F72DA-F34C-474E-889D-5ACA0FFA0C1D}"
EndProject
Project("{FAE04EC0-301F-11D3-BF4B-00C04F79EFBC}") = "Tyuiu.KimmelDS.Sprint5.Task0.V27.Test", "Tyuiu.KimmelDS.Sprint5.Task0.V27.Test\Tyuiu.KimmelDS.Sprint5.Task0.V27.Test.csproj", "{528F2CE9-8BA7-4C49-9D3D-75C5BDF08DDA}"
EndProject
Global
	GlobalSection(SolutionConfigurationPlatforms) = preSolution
		Debug|Any CPU = Debug|Any CPU
		Release|Any CPU = Release|Any CPU
	EndGlobalSection
	GlobalSection(SolutionProperties) = preSolution
		HideSolutionNode = FALSE
	EndGlobalSection
	GlobalSection(ProjectConfigurationPlatforms) = postSolution
		{BF14C26F-C5D3-436B-A37C-6524E223230E}.Debug|Any CPU.ActiveCfg = Debug|Any CPU
		{BF14C26F-C5D3-436B-A37C-6524E223230E}.Debug|Any CPU.Build.0 = Debug|Any CPU
		{BF14C26F-C5D3-436B-A37C-6524E223230E}.Release|Any CPU.ActiveCfg = Release|Any CPU
		{BF14C26F-C5D3-436B-A37C-6524E223230E}.Release|Any CPU.Build.0 = Release|Any CPU
		{5C9F72DA-F34C-474E-889D-5ACA0FFA0C1D}.Debug|Any CPU.ActiveCfg = Debug|Any CPU
		{5C9F72DA-F34C-474E-889D-5ACA0FFA0C1D}.Debug|Any CPU.Build.0 = Debug|Any CPU
		{5C9F72DA-F34C-474E-889D-5ACA0FFA0C1D}.Release|Any CPU.ActiveCfg = Release|Any CPU
		{5C9F72DA-F34C-474E-889D-5ACA0FFA0C1D}.Release|Any CPU.Build.0 = Release|Any CPU
		{528F2CE9-8BA7-4C49-9D3D-75C5BDF08DDA}.Debug|Any CPU.ActiveCfg = Debug|Any CPU
		{528F2CE9-8BA7-4C49-9D3D-75C5BDF08DDA}.Debug|Any CPU.Build.0 = Debug|Any CPU
		{528F2CE9-8BA7-4C49-9D3D-75C5BDF08DDA}.Release|Any CPU.ActiveCfg = Release|Any CPU
		{528F2CE9-8BA7-4C49-9D3D-75C5BDF08DDA}.Release|Any CPU.Build.0 = Release|Any CPU
	EndGlobalSection
EndGlobal
