
Microsoft Visual Studio Solution File, Format Version 12.00
# Visual Studio Version 17
VisualStudioVersion = 17.0.31903.59
MinimumVisualStudioVersion = 10.0.40219.1
Project("{9A19103F-16F7-4668-BE54-9A1E7A4F7556}") = "Tyuiu.KimmelDS.Sprint5.Task0.V27.Lib", "Tyuiu.KimmelDS.Sprint5.Task0.V27.Lib\Tyuiu.KimmelDS.Sprint5.Task0.V27.Lib.csproj", "{BF14C26F-C5D3-436B-A37C-6524E223230E}"
EndProject
Project("{9A19103F-16F7-4668-BE54-9A1E7A4F7556}") = "Tyuiu.KimmelDS.Sprint5.Task0.V27", "Tyuiu.KimmelDS.Sprint5.Task0.V27\Tyuiu.KimmelDS.Sprint5.Task0.V27.csproj", "{5C9F72DA-F34C-474E-889D-5ACA0FFA0C1D}"
EndProject
Project("{9A19103F-16F7-4668-BE54-9A1E7A4F7556}") = "Tyuiu.KimmelDS.Sprint5.Task0.V27.Test", "Tyuiu.KimmelDS.Sprint5.Task0.V27.Test\Tyuiu.KimmelDS.Sprint5.Task0.V27.Test.csproj", "{528F2CE9-8BA7-4C49-9D3D-75C5BDF08DDA}"
EndProject
Project("{9A19103F-16F7-4668-BE54-9A1E7A4F7556}") = "Tyuiu.KimmelDS.Sprint5.Task1.V24.Lib", "Tyuiu.KimmelDS.Sprint5.Task1.V24.Lib\Tyuiu.KimmelDS.Sprint5.Task1.V24.Lib.csproj", "{62C26AD6-503B-4AB1-99CB-0557ACC51D87}"
EndProject
Project("{9A19103F-16F7-4668-BE54-9A1E7A4F7556}") = "Tyuiu.KimmelDS.Sprint5.Task1.V24", "Tyuiu.KimmelDS.Sprint5.Task1.V24\Tyuiu.KimmelDS.Sprint5.Task1.V24.csproj", "{39E5D996-204F-41F9-86E6-9E5C58C4D43B}"
EndProject
Project("{9A19103F-16F7-4668-BE54-9A1E7A4F7556}") = "Tyuiu.KimmelDS.Sprint5.Task1.V24.Test", "Tyuiu.KimmelDS.Sprint5.Task1.V24.Test\Tyuiu.KimmelDS.Sprint5.Task1.V24.Test.csproj", "{C874FE9D-5CCB-4CC4-9F04-7FF2D07BC458}"
EndProject
Project("{2150E333-8FDC-42A3-9474-1A3956D46DE8}") = "Task0", "Task0", "{12935E5F-D706-49B1-A60D-56612F8B0019}"
EndProject
Project("{2150E333-8FDC-42A3-9474-1A3956D46DE8}") = "Task1", "Task1", "{697E38E3-DAD8-4A8B-95BA-5C87098625B1}"
EndProject
Project("{9A19103F-16F7-4668-BE54-9A1E7A4F7556}") = "Tyuiu.KimmelDS.Sprint5.Task2.V28.Lib", "Tyuiu.KimmelDS.Sprint5.Task2.V28.Lib\Tyuiu.KimmelDS.Sprint5.Task2.V28.Lib.csproj", "{D28CC45D-FD97-4638-A42D-9972862DFF16}"
EndProject
Project("{9A19103F-16F7-4668-BE54-9A1E7A4F7556}") = "Tyuiu.KimmelDS.Sprint5.Task2.V28", "Tyuiu.KimmelDS.Sprint5.Task2.V28\Tyuiu.KimmelDS.Sprint5.Task2.V28.csproj", "{5C0C1B3C-A8F7-4B8A-91DE-6420AD8F8324}"
EndProject
Project("{9A19103F-16F7-4668-BE54-9A1E7A4F7556}") = "Tyuiu.KimmelDS.Sprint5.Task2.V28.Test", "Tyuiu.KimmelDS.Sprint5.Task2.V28.Test\Tyuiu.KimmelDS.Sprint5.Task2.V28.Test.csproj", "{77484644-E06F-4B00-831D-42F81CA970C5}"
EndProject
Project("{2150E333-8FDC-42A3-9474-1A3956D46DE8}") = "Task2", "Task2", "{980A27C4-A308-4D25-AAB6-0F741EBDC270}"
EndProject
Project("{9A19103F-16F7-4668-BE54-9A1E7A4F7556}") = "Tyuiu.KimmelDS.Sprint5.Task3.V21.Lib", "Tyuiu.KimmelDS.Sprint5.Task3.V21.Lib\Tyuiu.KimmelDS.Sprint5.Task3.V21.Lib.csproj", "{E3BA8614-FF1A-424F-BC50-509CBCAC50CD}"
EndProject
Project("{9A19103F-16F7-4668-BE54-9A1E7A4F7556}") = "Tyuiu.KimmelDS.Sprint5.Task3.V21", "Tyuiu.KimmelDS.Sprint5.Task3.V21\Tyuiu.KimmelDS.Sprint5.Task3.V21.csproj", "{C5881C77-204E-45E3-8749-93649B2B7060}"
EndProject
Project("{9A19103F-16F7-4668-BE54-9A1E7A4F7556}") = "Tyuiu.KimmelDS.Sprint5.Task3.V21.Test", "Tyuiu.KimmelDS.Sprint5.Task3.V21.Test\Tyuiu.KimmelDS.Sprint5.Task3.V21.Test.csproj", "{FFAA6855-95C4-4E20-B056-31460FA66A2C}"
EndProject
Project("{2150E333-8FDC-42A3-9474-1A3956D46DE8}") = "Task3", "Task3", "{F56D65DD-3D60-4C35-894E-8ACA35975F65}"
EndProject
Project("{9A19103F-16F7-4668-BE54-9A1E7A4F7556}") = "Tyuiu.KimmelDS.Sprint5.Task4.V6.Lib", "Tyuiu.KimmelDS.Sprint5.Task4.V6.Lib\Tyuiu.KimmelDS.Sprint5.Task4.V6.Lib.csproj", "{B8301573-BB50-405F-97AA-540D9BC4134E}"
EndProject
Project("{9A19103F-16F7-4668-BE54-9A1E7A4F7556}") = "Tyuiu.KimmelDS.Sprint5.Task4.V6", "Tyuiu.KimmelDS.Sprint5.Task4.V6\Tyuiu.KimmelDS.Sprint5.Task4.V6.csproj", "{32FE08C6-80EB-400F-BF55-2D3111F0F70A}"
EndProject
Project("{9A19103F-16F7-4668-BE54-9A1E7A4F7556}") = "Tyuiu.KimmelDS.Sprint5.Task4.V6.Test", "Tyuiu.KimmelDS.Sprint5.Task4.V6.Test\Tyuiu.KimmelDS.Sprint5.Task4.V6.Test.csproj", "{FA40B3A8-4B1D-4732-85D7-87C7408CE71E}"
EndProject
Project("{2150E333-8FDC-42A3-9474-1A3956D46DE8}") = "Task4", "Task4", "{B3701725-4267-44F1-A19D-47B392073520}"
EndProject
Project("{9A19103F-16F7-4668-BE54-9A1E7A4F7556}") = "Tyuiu.KimmelDS.Sprint5.Task5.V28.Lib", "Tyuiu.KimmelDS.Sprint5.Task5.V28.Lib\Tyuiu.KimmelDS.Sprint5.Task5.V28.Lib.csproj", "{A8A4E61E-0A25-47EB-B2A9-1E8DADE9BA15}"
EndProject
Project("{9A19103F-16F7-4668-BE54-9A1E7A4F7556}") = "Tyuiu.KimmelDS.Sprint5.Task5.V28", "Tyuiu.KimmelDS.Sprint5.Task5.V28\Tyuiu.KimmelDS.Sprint5.Task5.V28.csproj", "{9752378A-B014-44B9-8430-E259661DFC5D}"
EndProject
Project("{9A19103F-16F7-4668-BE54-9A1E7A4F7556}") = "Tyuiu.KimmelDS.Sprint5.Task5.V28.Test", "Tyuiu.KimmelDS.Sprint5.Task5.V28.Test\Tyuiu.KimmelDS.Sprint5.Task5.V28.Test.csproj", "{AF48BD85-D1F3-4C11-9545-8D6CCA8DE421}"
EndProject
Project("{2150E333-8FDC-42A3-9474-1A3956D46DE8}") = "Task5", "Task5", "{3B481790-6D77-447E-86C5-CAB87F386FA8}"
EndProject
Project("{9A19103F-16F7-4668-BE54-9A1E7A4F7556}") = "Tyuiu.KimmelDS.Sprint5.Task6.V20.Lib", "Tyuiu.KimmelDS.Sprint5.Task6.V20.Lib\Tyuiu.KimmelDS.Sprint5.Task6.V20.Lib.csproj", "{A7A614BF-3A49-45C1-BBCB-050E5A568298}"
EndProject
Project("{9A19103F-16F7-4668-BE54-9A1E7A4F7556}") = "Tyuiu.KimmelDS.Sprint5.Task6.V20", "Tyuiu.KimmelDS.Sprint5.Task6.V20\Tyuiu.KimmelDS.Sprint5.Task6.V20.csproj", "{5156D1B8-F9D3-47C4-9BBE-E9F6B6CE3F5E}"
EndProject
Project("{9A19103F-16F7-4668-BE54-9A1E7A4F7556}") = "Tyuiu.KimmelDS.Sprint5.Task6.V20.Test", "Tyuiu.KimmelDS.Sprint5.Task6.V20.Test\Tyuiu.KimmelDS.Sprint5.Task6.V20.Test.csproj", "{9253713C-C042-45A2-BDF8-5FDBB1F2AA34}"
EndProject
Project("{2150E333-8FDC-42A3-9474-1A3956D46DE8}") = "Task6", "Task6", "{555D7E7F-77C0-4DFC-8D44-91468A7260FA}"
EndProject
Global
	GlobalSection(SolutionConfigurationPlatforms) = preSolution
		Debug|Any CPU = Debug|Any CPU
		Release|Any CPU = Release|Any CPU
	EndGlobalSection
	GlobalSection(ProjectConfigurationPlatforms) = postSolution
		{BF14C26F-C5D3-436B-A37C-6524E223230E}.Debug|Any CPU.ActiveCfg = Debug|Any CPU
		{BF14C26F-C5D3-436B-A37C-6524E223230E}.Debug|Any CPU.Build.0 = Debug|Any CPU
		{BF14C26F-C5D3-436B-A37C-6524E223230E}.Release|Any CPU.ActiveCfg = Release|Any CPU
		{BF14C26F-C5D3-436B-A37C-6524E223230E}.Release|Any CPU.Build.0 = Release|Any CPU
		{5C9F72DA-F34C-474E-889D-5ACA0FFA0C1D}.Debug|Any CPU.ActiveCfg = Debug|Any CPU
		{5C9F72DA-F34C-474E-889D-5ACA0FFA0C1D}.Debug|Any CPU.Build.0 = Debug|Any CPU
		{5C9F72DA-F34C-474E-889D-5ACA0FFA0C1D}.Release|Any CPU.ActiveCfg = Release|Any CPU
		{5C9F72DA-F34C-474E-889D-5ACA0FFA0C1D}.Release|Any CPU.Build.0 = Release|Any CPU
		{528F2CE9-8BA7-4C49-9D3D-75C5BDF08DDA}.Debug|Any CPU.ActiveCfg = Debug|Any CPU
		{528F2CE9-8BA7-4C49-9D3D-75C5BDF08DDA}.Debug|Any CPU.Build.0 = Debug|Any CPU
		{528F2CE9-8BA7-4C49-9D3D-75C5BDF08DDA}.Release|Any CPU.ActiveCfg = Release|Any CPU
		{528F2CE9-8BA7-4C49-9D3D-75C5BDF08DDA}.Release|Any CPU.Build.0 = Release|Any CPU
		{62C26AD6-503B-4AB1-99CB-0557ACC51D87}.Debug|Any CPU.ActiveCfg = Debug|Any CPU
		{62C26AD6-503B-4AB1-99CB-0557ACC51D87}.Debug|Any CPU.Build.0 = Debug|Any CPU
		{62C26AD6-503B-4AB1-99CB-0557ACC51D87}.Release|Any CPU.ActiveCfg = Release|Any CPU
		{62C26AD6-503B-4AB1-99CB-0557ACC51D87}.Release|Any CPU.Build.0 = Release|Any CPU
		{39E5D996-204F-41F9-86E6-9E5C58C4D43B}.Debug|Any CPU.ActiveCfg = Debug|Any CPU
		{39E5D996-204F-41F9-86E6-9E5C58C4D43B}.Debug|Any CPU.Build.0 = Debug|Any CPU
		{39E5D996-204F-41F9-86E6-9E5C58C4D43B}.Release|Any CPU.ActiveCfg = Release|Any CPU
		{39E5D996-204F-41F9-86E6-9E5C58C4D43B}.Release|Any CPU.Build.0 = Release|Any CPU
		{C874FE9D-5CCB-4CC4-9F04-7FF2D07BC458}.Debug|Any CPU.ActiveCfg = Debug|Any CPU
		{C874FE9D-5CCB-4CC4-9F04-7FF2D07BC458}.Debug|Any CPU.Build.0 = Debug|Any CPU
		{C874FE9D-5CCB-4CC4-9F04-7FF2D07BC458}.Release|Any CPU.ActiveCfg = Release|Any CPU
		{C874FE9D-5CCB-4CC4-9F04-7FF2D07BC458}.Release|Any CPU.Build.0 = Release|Any CPU
		{D28CC45D-FD97-4638-A42D-9972862DFF16}.Debug|Any CPU.ActiveCfg = Debug|Any CPU
		{D28CC45D-FD97-4638-A42D-9972862DFF16}.Debug|Any CPU.Build.0 = Debug|Any CPU
		{D28CC45D-FD97-4638-A42D-9972862DFF16}.Release|Any CPU.ActiveCfg = Release|Any CPU
		{D28CC45D-FD97-4638-A42D-9972862DFF16}.Release|Any CPU.Build.0 = Release|Any CPU
		{5C0C1B3C-A8F7-4B8A-91DE-6420AD8F8324}.Debug|Any CPU.ActiveCfg = Debug|Any CPU
		{5C0C1B3C-A8F7-4B8A-91DE-6420AD8F8324}.Debug|Any CPU.Build.0 = Debug|Any CPU
		{5C0C1B3C-A8F7-4B8A-91DE-6420AD8F8324}.Release|Any CPU.ActiveCfg = Release|Any CPU
		{5C0C1B3C-A8F7-4B8A-91DE-6420AD8F8324}.Release|Any CPU.Build.0 = Release|Any CPU
		{77484644-E06F-4B00-831D-42F81CA970C5}.Debug|Any CPU.ActiveCfg = Debug|Any CPU
		{77484644-E06F-4B00-831D-42F81CA970C5}.Debug|Any CPU.Build.0 = Debug|Any CPU
		{77484644-E06F-4B00-831D-42F81CA970C5}.Release|Any CPU.ActiveCfg = Release|Any CPU
		{77484644-E06F-4B00-831D-42F81CA970C5}.Release|Any CPU.Build.0 = Release|Any CPU
		{E3BA8614-FF1A-424F-BC50-509CBCAC50CD}.Debug|Any CPU.ActiveCfg = Debug|Any CPU
		{E3BA8614-FF1A-424F-BC50-509CBCAC50CD}.Debug|Any CPU.Build.0 = Debug|Any CPU
		{E3BA8614-FF1A-424F-BC50-509CBCAC50CD}.Release|Any CPU.ActiveCfg = Release|Any CPU
		{E3BA8614-FF1A-424F-BC50-509CBCAC50CD}.Release|Any CPU.Build.0 = Release|Any CPU
		{C5881C77-204E-45E3-8749-93649B2B7060}.Debug|Any CPU.ActiveCfg = Debug|Any CPU
		{C5881C77-204E-45E3-8749-93649B2B7060}.Debug|Any CPU.Build.0 = Debug|Any CPU
		{C5881C77-204E-45E3-8749-93649B2B7060}.Release|Any CPU.ActiveCfg = Release|Any CPU
		{C5881C77-204E-45E3-8749-93649B2B7060}.Release|Any CPU.Build.0 = Release|Any CPU
		{FFAA6855-95C4-4E20-B056-31460FA66A2C}.Debug|Any CPU.ActiveCfg = Debug|Any CPU
		{FFAA6855-95C4-4E20-B056-31460FA66A2C}.Debug|Any CPU.Build.0 = Debug|Any CPU
		{FFAA6855-95C4-4E20-B056-31460FA66A2C}.Release|Any CPU.ActiveCfg = Release|Any CPU
		{FFAA6855-95C4-4E20-B056-31460FA66A2C}.Release|Any CPU.Build.0 = Release|Any CPU
		{B8301573-BB50-405F-97AA-540D9BC4134E}.Debug|Any CPU.ActiveCfg = Debug|Any CPU
		{B8301573-BB50-405F-97AA-540D9BC4134E}.Debug|Any CPU.Build.0 = Debug|Any CPU
		{B8301573-BB50-405F-97AA-540D9BC4134E}.Release|Any CPU.ActiveCfg = Release|Any CPU
		{B8301573-BB50-405F-97AA-540D9BC4134E}.Release|Any CPU.Build.0 = Release|Any CPU
		{32FE08C6-80EB-400F-BF55-2D3111F0F70A}.Debug|Any CPU.ActiveCfg = Debug|Any CPU
		{32FE08C6-80EB-400F-BF55-2D3111F0F70A}.Debug|Any CPU.Build.0 = Debug|Any CPU
		{32FE08C6-80EB-400F-BF55-2D3111F0F70A}.Release|Any CPU.ActiveCfg = Release|Any CPU
		{32FE08C6-80EB-400F-BF55-2D3111F0F70A}.Release|Any CPU.Build.0 = Release|Any CPU
		{FA40B3A8-4B1D-4732-85D7-87C7408CE71E}.Debug|Any CPU.ActiveCfg = Debug|Any CPU
		{FA40B3A8-4B1D-4732-85D7-87C7408CE71E}.Debug|Any CPU.Build.0 = Debug|Any CPU
		{FA40B3A8-4B1D-4732-85D7-87C7408CE71E}.Release|Any CPU.ActiveCfg = Release|Any CPU
		{FA40B3A8-4B1D-4732-85D7-87C7408CE71E}.Release|Any CPU.Build.0 = Release|Any CPU
		{A8A4E61E-0A25-47EB-B2A9-1E8DADE9BA15}.Debug|Any CPU.ActiveCfg = Debug|Any CPU
		{A8A4E61E-0A25-47EB-B2A9-1E8DADE9BA15}.Debug|Any CPU.Build.0 = Debug|Any CPU
		{A8A4E61E-0A25-47EB-B2A9-1E8DADE9BA15}.Release|Any CPU.ActiveCfg = Release|Any CPU
		{A8A4E61E-0A25-47EB-B2A9-1E8DADE9BA15}.Release|Any CPU.Build.0 = Release|Any CPU
		{9752378A-B014-44B9-8430-E259661DFC5D}.Debug|Any CPU.ActiveCfg = Debug|Any CPU
		{9752378A-B014-44B9-8430-E259661DFC5D}.Debug|Any CPU.Build.0 = Debug|Any CPU
		{9752378A-B014-44B9-8430-E259661DFC5D}.Release|Any CPU.ActiveCfg = Release|Any CPU
		{9752378A-B014-44B9-8430-E259661DFC5D}.Release|Any CPU.Build.0 = Release|Any CPU
		{AF48BD85-D1F3-4C11-9545-8D6CCA8DE421}.Debug|Any CPU.ActiveCfg = Debug|Any CPU
		{AF48BD85-D1F3-4C11-9545-8D6CCA8DE421}.Debug|Any CPU.Build.0 = Debug|Any CPU
		{AF48BD85-D1F3-4C11-9545-8D6CCA8DE421}.Release|Any CPU.ActiveCfg = Release|Any CPU
		{AF48BD85-D1F3-4C11-9545-8D6CCA8DE421}.Release|Any CPU.Build.0 = Release|Any CPU
		{A7A614BF-3A49-45C1-BBCB-050E5A568298}.Debug|Any CPU.ActiveCfg = Debug|Any CPU
		{A7A614BF-3A49-45C1-BBCB-050E5A568298}.Debug|Any CPU.Build.0 = Debug|Any CPU
		{A7A614BF-3A49-45C1-BBCB-050E5A568298}.Release|Any CPU.ActiveCfg = Release|Any CPU
		{A7A614BF-3A49-45C1-BBCB-050E5A568298}.Release|Any CPU.Build.0 = Release|Any CPU
		{5156D1B8-F9D3-47C4-9BBE-E9F6B6CE3F5E}.Debug|Any CPU.ActiveCfg = Debug|Any CPU
		{5156D1B8-F9D3-47C4-9BBE-E9F6B6CE3F5E}.Debug|Any CPU.Build.0 = Debug|Any CPU
		{5156D1B8-F9D3-47C4-9BBE-E9F6B6CE3F5E}.Release|Any CPU.ActiveCfg = Release|Any CPU
		{5156D1B8-F9D3-47C4-9BBE-E9F6B6CE3F5E}.Release|Any CPU.Build.0 = Release|Any CPU
		{9253713C-C042-45A2-BDF8-5FDBB1F2AA34}.Debug|Any CPU.ActiveCfg = Debug|Any CPU
		{9253713C-C042-45A2-BDF8-5FDBB1F2AA34}.Debug|Any CPU.Build.0 = Debug|Any CPU
		{9253713C-C042-45A2-BDF8-5FDBB1F2AA34}.Release|Any CPU.ActiveCfg = Release|Any CPU
		{9253713C-C042-45A2-BDF8-5FDBB1F2AA34}.Release|Any CPU.Build.0 = Release|Any CPU
	EndGlobalSection
	GlobalSection(SolutionProperties) = preSolution
		HideSolutionNode = FALSE
	EndGlobalSection
	GlobalSection(NestedProjects) = preSolution
		{BF14C26F-C5D3-436B-A37C-6524E223230E} = {12935E5F-D706-49B1-A60D-56612F8B0019}
		{5C9F72DA-F34C-474E-889D-5ACA0FFA0C1D} = {12935E5F-D706-49B1-A60D-56612F8B0019}
		{528F2CE9-8BA7-4C49-9D3D-75C5BDF08DDA} = {12935E5F-D706-49B1-A60D-56612F8B0019}
		{62C26AD6-503B-4AB1-99CB-0557ACC51D87} = {697E38E3-DAD8-4A8B-95BA-5C87098625B1}
		{39E5D996-204F-41F9-86E6-9E5C58C4D43B} = {697E38E3-DAD8-4A8B-95BA-5C87098625B1}
		{C874FE9D-5CCB-4CC4-9F04-7FF2D07BC458} = {697E38E3-DAD8-4A8B-95BA-5C87098625B1}
		{D28CC45D-FD97-4638-A42D-9972862DFF16} = {980A27C4-A308-4D25-AAB6-0F741EBDC270}
		{5C0C1B3C-A8F7-4B8A-91DE-6420AD8F8324} = {980A27C4-A308-4D25-AAB6-0F741EBDC270}
		{77484644-E06F-4B00-831D-42F81CA970C5} = {980A27C4-A308-4D25-AAB6-0F741EBDC270}
		{E3BA8614-FF1A-424F-BC50-509CBCAC50CD} = {F56D65DD-3D60-4C35-894E-8ACA35975F65}
		{C5881C77-204E-45E3-8749-93649B2B7060} = {F56D65DD-3D60-4C35-894E-8ACA35975F65}
		{FFAA6855-95C4-4E20-B056-31460FA66A2C} = {F56D65DD-3D60-4C35-894E-8ACA35975F65}
		{B8301573-BB50-405F-97AA-540D9BC4134E} = {B3701725-4267-44F1-A19D-47B392073520}
		{32FE08C6-80EB-400F-BF55-2D3111F0F70A} = {B3701725-4267-44F1-A19D-47B392073520}
		{FA40B3A8-4B1D-4732-85D7-87C7408CE71E} = {B3701725-4267-44F1-A19D-47B392073520}
		{A8A4E61E-0A25-47EB-B2A9-1E8DADE9BA15} = {3B481790-6D77-447E-86C5-CAB87F386FA8}
		{9752378A-B014-44B9-8430-E259661DFC5D} = {3B481790-6D77-447E-86C5-CAB87F386FA8}
		{AF48BD85-D1F3-4C11-9545-8D6CCA8DE421} = {3B481790-6D77-447E-86C5-CAB87F386FA8}
		{A7A614BF-3A49-45C1-BBCB-050E5A568298} = {555D7E7F-77C0-4DFC-8D44-91468A7260FA}
		{5156D1B8-F9D3-47C4-9BBE-E9F6B6CE3F5E} = {555D7E7F-77C0-4DFC-8D44-91468A7260FA}
		{9253713C-C042-45A2-BDF8-5FDBB1F2AA34} = {555D7E7F-77C0-4DFC-8D44-91468A7260FA}
	EndGlobalSection
	GlobalSection(ExtensibilityGlobals) = postSolution
		SolutionGuid = {4C71D119-CE45-47D4-B117-4D5059339003}
	EndGlobalSection
EndGlobal
